
Microsoft Visual Studio Solution File, Format Version 12.00
# Visual Studio Version 17
VisualStudioVersion = 17.2.32616.157
MinimumVisualStudioVersion = 10.0.40219.1
Project("{9A19103F-16F7-4668-BE54-9A1E7A4F7556}") = "TomeStone.Core", "TomeStone.Core\TomeStone.Core.csproj", "{877CA85C-FC87-4953-B3A2-70643417E835}"
EndProject
Project("{FAE04EC0-301F-11D3-BF4B-00C04F79EFBC}") = "TomeStone.CLI", "TomeStone.CLI\TomeStone.CLI.csproj", "{94C76E3C-EBC7-4E95-8585-5D3154A1397E}"
EndProject
Global
	GlobalSection(SolutionConfigurationPlatforms) = preSolution
		Debug|Any CPU = Debug|Any CPU
		Release|Any CPU = Release|Any CPU
	EndGlobalSection
	GlobalSection(ProjectConfigurationPlatforms) = postSolution
		{877CA85C-FC87-4953-B3A2-70643417E835}.Debug|Any CPU.ActiveCfg = Debug|Any CPU
		{877CA85C-FC87-4953-B3A2-70643417E835}.Debug|Any CPU.Build.0 = Debug|Any CPU
		{877CA85C-FC87-4953-B3A2-70643417E835}.Release|Any CPU.ActiveCfg = Release|Any CPU
		{877CA85C-FC87-4953-B3A2-70643417E835}.Release|Any CPU.Build.0 = Release|Any CPU
		{94C76E3C-EBC7-4E95-8585-5D3154A1397E}.Debug|Any CPU.ActiveCfg = Debug|Any CPU
		{94C76E3C-EBC7-4E95-8585-5D3154A1397E}.Debug|Any CPU.Build.0 = Debug|Any CPU
		{94C76E3C-EBC7-4E95-8585-5D3154A1397E}.Release|Any CPU.ActiveCfg = Release|Any CPU
		{94C76E3C-EBC7-4E95-8585-5D3154A1397E}.Release|Any CPU.Build.0 = Release|Any CPU
	EndGlobalSection
	GlobalSection(SolutionProperties) = preSolution
		HideSolutionNode = FALSE
	EndGlobalSection
	GlobalSection(ExtensibilityGlobals) = postSolution
		SolutionGuid = {B0297582-6E29-4AE5-A1F6-0AF31C2AD97F}
	EndGlobalSection
EndGlobal
